
Microsoft Visual Studio Solution File, Format Version 12.00
# Visual Studio 2013
VisualStudioVersion = 12.0.30501.0
MinimumVisualStudioVersion = 10.0.40219.1
Project("{FAE04EC0-301F-11D3-BF4B-00C04F79EFBC}") = "NuGetUsageReport", "NuGetUsageReport\NuGetUsageReport.csproj", "{384586F9-3984-4A12-886A-AA250E03D0C3}"
EndProject
Project("{FAE04EC0-301F-11D3-BF4B-00C04F79EFBC}") = "NuGetPackageAnalyzer", "..\NuGetPackageAnalyzer\NuGetPackageAnalyzer.csproj", "{9374E6A2-84FA-4B21-B801-EC94AA2EE23A}"
EndProject
Global
	GlobalSection(SolutionConfigurationPlatforms) = preSolution
		Debug|Any CPU = Debug|Any CPU
		Release|Any CPU = Release|Any CPU
	EndGlobalSection
	GlobalSection(ProjectConfigurationPlatforms) = postSolution
		{384586F9-3984-4A12-886A-AA250E03D0C3}.Debug|Any CPU.ActiveCfg = Debug|Any CPU
		{384586F9-3984-4A12-886A-AA250E03D0C3}.Debug|Any CPU.Build.0 = Debug|Any CPU
		{384586F9-3984-4A12-886A-AA250E03D0C3}.Release|Any CPU.ActiveCfg = Release|Any CPU
		{384586F9-3984-4A12-886A-AA250E03D0C3}.Release|Any CPU.Build.0 = Release|Any CPU
		{9374E6A2-84FA-4B21-B801-EC94AA2EE23A}.Debug|Any CPU.ActiveCfg = Debug|Any CPU
		{9374E6A2-84FA-4B21-B801-EC94AA2EE23A}.Debug|Any CPU.Build.0 = Debug|Any CPU
		{9374E6A2-84FA-4B21-B801-EC94AA2EE23A}.Release|Any CPU.ActiveCfg = Release|Any CPU
		{9374E6A2-84FA-4B21-B801-EC94AA2EE23A}.Release|Any CPU.Build.0 = Release|Any CPU
	EndGlobalSection
	GlobalSection(SolutionProperties) = preSolution
		HideSolutionNode = FALSE
	EndGlobalSection
EndGlobal
